
Microsoft Visual Studio Solution File, Format Version 12.00
# Visual Studio Version 16
VisualStudioVersion = 16.0.32602.291
MinimumVisualStudioVersion = 10.0.40219.1
Project("{FAE04EC0-301F-11D3-BF4B-00C04F79EFBC}") = "password_mgmt", "password_mgmt\password_mgmt.csproj", "{53DA5888-AC22-4E91-A517-3C31D06D0B4F}"
EndProject
Global
	GlobalSection(SolutionConfigurationPlatforms) = preSolution
		Debug|Any CPU = Debug|Any CPU
		Release|Any CPU = Release|Any CPU
	EndGlobalSection
	GlobalSection(ProjectConfigurationPlatforms) = postSolution
		{53DA5888-AC22-4E91-A517-3C31D06D0B4F}.Debug|Any CPU.ActiveCfg = Debug|Any CPU
		{53DA5888-AC22-4E91-A517-3C31D06D0B4F}.Debug|Any CPU.Build.0 = Debug|Any CPU
		{53DA5888-AC22-4E91-A517-3C31D06D0B4F}.Release|Any CPU.ActiveCfg = Release|Any CPU
		{53DA5888-AC22-4E91-A517-3C31D06D0B4F}.Release|Any CPU.Build.0 = Release|Any CPU
	EndGlobalSection
	GlobalSection(SolutionProperties) = preSolution
		HideSolutionNode = FALSE
	EndGlobalSection
	GlobalSection(ExtensibilityGlobals) = postSolution
		SolutionGuid = {C9D248A1-21C8-4179-83EC-5685F3E7EFCD}
	EndGlobalSection
EndGlobal
